
Microsoft Visual Studio Solution File, Format Version 12.00
# Visual Studio Version 17
VisualStudioVersion = 17.0.31903.59
MinimumVisualStudioVersion = 10.0.40219.1
Project("{9A19103F-16F7-4668-BE54-9A1E7A4F7556}") = "Messenger.Domain", "Messenger.Domain\Messenger.Domain.csproj", "{9A4BC5D8-4511-459A-B981-47324B11BA84}"
EndProject
Project("{9A19103F-16F7-4668-BE54-9A1E7A4F7556}") = "Messenger.Application", "Messenger.Application\Messenger.Application.csproj", "{43793E66-19CC-418E-B42E-B85F9E4E561A}"
EndProject
Project("{9A19103F-16F7-4668-BE54-9A1E7A4F7556}") = "Messenger.Infrastructure", "Messenger.Infrastructure\Messenger.Infrastructure.csproj", "{0B0662B8-36FA-421A-B64D-DE074AF58A2C}"
EndProject
Project("{9A19103F-16F7-4668-BE54-9A1E7A4F7556}") = "Messenger.WebAPI", "Messenger.WebAPI\Messenger.WebAPI.csproj", "{44F28FA1-5AED-435B-8445-1A1B4A0A8240}"
EndProject
Project("{2150E333-8FDC-42A3-9474-1A3956D46DE8}") = "src", "src", "{1384630F-B3AA-4569-A403-B8BBAE0212AF}"
EndProject
Global
	GlobalSection(SolutionConfigurationPlatforms) = preSolution
		Debug|Any CPU = Debug|Any CPU
		Release|Any CPU = Release|Any CPU
	EndGlobalSection
	GlobalSection(ProjectConfigurationPlatforms) = postSolution
		{9A4BC5D8-4511-459A-B981-47324B11BA84}.Debug|Any CPU.ActiveCfg = Debug|Any CPU
		{9A4BC5D8-4511-459A-B981-47324B11BA84}.Debug|Any CPU.Build.0 = Debug|Any CPU
		{9A4BC5D8-4511-459A-B981-47324B11BA84}.Release|Any CPU.ActiveCfg = Release|Any CPU
		{9A4BC5D8-4511-459A-B981-47324B11BA84}.Release|Any CPU.Build.0 = Release|Any CPU
		{43793E66-19CC-418E-B42E-B85F9E4E561A}.Debug|Any CPU.ActiveCfg = Debug|Any CPU
		{43793E66-19CC-418E-B42E-B85F9E4E561A}.Debug|Any CPU.Build.0 = Debug|Any CPU
		{43793E66-19CC-418E-B42E-B85F9E4E561A}.Release|Any CPU.ActiveCfg = Release|Any CPU
		{43793E66-19CC-418E-B42E-B85F9E4E561A}.Release|Any CPU.Build.0 = Release|Any CPU
		{0B0662B8-36FA-421A-B64D-DE074AF58A2C}.Debug|Any CPU.ActiveCfg = Debug|Any CPU
		{0B0662B8-36FA-421A-B64D-DE074AF58A2C}.Debug|Any CPU.Build.0 = Debug|Any CPU
		{0B0662B8-36FA-421A-B64D-DE074AF58A2C}.Release|Any CPU.ActiveCfg = Release|Any CPU
		{0B0662B8-36FA-421A-B64D-DE074AF58A2C}.Release|Any CPU.Build.0 = Release|Any CPU
		{44F28FA1-5AED-435B-8445-1A1B4A0A8240}.Debug|Any CPU.ActiveCfg = Debug|Any CPU
		{44F28FA1-5AED-435B-8445-1A1B4A0A8240}.Debug|Any CPU.Build.0 = Debug|Any CPU
		{44F28FA1-5AED-435B-8445-1A1B4A0A8240}.Release|Any CPU.ActiveCfg = Release|Any CPU
		{44F28FA1-5AED-435B-8445-1A1B4A0A8240}.Release|Any CPU.Build.0 = Release|Any CPU
	EndGlobalSection
	GlobalSection(SolutionProperties) = preSolution
		HideSolutionNode = FALSE
	EndGlobalSection
	GlobalSection(NestedProjects) = preSolution
		{9A4BC5D8-4511-459A-B981-47324B11BA84} = {1384630F-B3AA-4569-A403-B8BBAE0212AF}
		{43793E66-19CC-418E-B42E-B85F9E4E561A} = {1384630F-B3AA-4569-A403-B8BBAE0212AF}
		{0B0662B8-36FA-421A-B64D-DE074AF58A2C} = {1384630F-B3AA-4569-A403-B8BBAE0212AF}
		{44F28FA1-5AED-435B-8445-1A1B4A0A8240} = {1384630F-B3AA-4569-A403-B8BBAE0212AF}
	EndGlobalSection
EndGlobal
