
Microsoft Visual Studio Solution File, Format Version 12.00
# Visual Studio Version 17
VisualStudioVersion = 17.0.31903.59
MinimumVisualStudioVersion = 10.0.40219.1
Project("{2150E333-8FDC-42A3-9474-1A3956D46DE8}") = "src", "src", "{827E0CD3-B72D-47B6-A68D-7590B98EB39B}"
EndProject
Project("{FAE04EC0-301F-11D3-BF4B-00C04F79EFBC}") = "Messenger.Application", "src\Messenger.Application\Messenger.Application.csproj", "{97A9FD62-A43B-4C3A-B573-F662E5ABBC93}"
EndProject
Project("{FAE04EC0-301F-11D3-BF4B-00C04F79EFBC}") = "Messenger.Domain", "src\Messenger.Domain\Messenger.Domain.csproj", "{2FAEEE6A-DBC4-442A-BD88-DD932ED4F30C}"
EndProject
Project("{FAE04EC0-301F-11D3-BF4B-00C04F79EFBC}") = "Messenger.Infrastructure", "src\Messenger.Infrastructure\Messenger.Infrastructure.csproj", "{3409900A-4FF6-4A17-841D-BFA2C84039F0}"
EndProject
Project("{FAE04EC0-301F-11D3-BF4B-00C04F79EFBC}") = "Messenger.Emails", "src\Messenger.Emails\Messenger.Emails.csproj", "{16642813-0BA7-4278-8A23-A573DF00270D}"
EndProject
Project("{FAE04EC0-301F-11D3-BF4B-00C04F79EFBC}") = "Messenger.WebAPI", "src\Messenger.WebAPI\Messenger.WebAPI.csproj", "{36920101-75E6-43B8-94FF-B9914813B6FF}"
EndProject
Project("{E53339B2-1760-4266-BCC7-CA923CBCF16C}") = "docker-compose", "docker-compose.dcproj", "{0ADC58A4-F5A6-4CD2-85C3-25C77A7E3DF3}"
EndProject
Project("{2150E333-8FDC-42A3-9474-1A3956D46DE8}") = "tests", "tests", "{0AB3BF05-4346-4AA6-1389-037BE0695223}"
EndProject
Project("{FAE04EC0-301F-11D3-BF4B-00C04F79EFBC}") = "Messenger.ArchitectureTests", "tests\Messenger.ArchitectureTests\Messenger.ArchitectureTests.csproj", "{61832EEA-F62B-482E-A73F-78FDE0D1A5B0}"
EndProject
Project("{FAE04EC0-301F-11D3-BF4B-00C04F79EFBC}") = "Messenger.AzureFunctions", "src\Messenger.AzureFunctions\Messenger.AzureFunctions.csproj", "{56DF909F-3405-4894-BA37-0042579AC16D}"
EndProject
Global
	GlobalSection(SolutionConfigurationPlatforms) = preSolution
		Debug|Any CPU = Debug|Any CPU
		Debug|x64 = Debug|x64
		Debug|x86 = Debug|x86
		Release|Any CPU = Release|Any CPU
		Release|x64 = Release|x64
		Release|x86 = Release|x86
	EndGlobalSection
	GlobalSection(ProjectConfigurationPlatforms) = postSolution
		{97A9FD62-A43B-4C3A-B573-F662E5ABBC93}.Debug|Any CPU.ActiveCfg = Debug|Any CPU
		{97A9FD62-A43B-4C3A-B573-F662E5ABBC93}.Debug|Any CPU.Build.0 = Debug|Any CPU
		{97A9FD62-A43B-4C3A-B573-F662E5ABBC93}.Debug|x64.ActiveCfg = Debug|Any CPU
		{97A9FD62-A43B-4C3A-B573-F662E5ABBC93}.Debug|x64.Build.0 = Debug|Any CPU
		{97A9FD62-A43B-4C3A-B573-F662E5ABBC93}.Debug|x86.ActiveCfg = Debug|Any CPU
		{97A9FD62-A43B-4C3A-B573-F662E5ABBC93}.Debug|x86.Build.0 = Debug|Any CPU
		{97A9FD62-A43B-4C3A-B573-F662E5ABBC93}.Release|Any CPU.ActiveCfg = Release|Any CPU
		{97A9FD62-A43B-4C3A-B573-F662E5ABBC93}.Release|Any CPU.Build.0 = Release|Any CPU
		{97A9FD62-A43B-4C3A-B573-F662E5ABBC93}.Release|x64.ActiveCfg = Release|Any CPU
		{97A9FD62-A43B-4C3A-B573-F662E5ABBC93}.Release|x64.Build.0 = Release|Any CPU
		{97A9FD62-A43B-4C3A-B573-F662E5ABBC93}.Release|x86.ActiveCfg = Release|Any CPU
		{97A9FD62-A43B-4C3A-B573-F662E5ABBC93}.Release|x86.Build.0 = Release|Any CPU
		{2FAEEE6A-DBC4-442A-BD88-DD932ED4F30C}.Debug|Any CPU.ActiveCfg = Debug|Any CPU
		{2FAEEE6A-DBC4-442A-BD88-DD932ED4F30C}.Debug|Any CPU.Build.0 = Debug|Any CPU
		{2FAEEE6A-DBC4-442A-BD88-DD932ED4F30C}.Debug|x64.ActiveCfg = Debug|Any CPU
		{2FAEEE6A-DBC4-442A-BD88-DD932ED4F30C}.Debug|x64.Build.0 = Debug|Any CPU
		{2FAEEE6A-DBC4-442A-BD88-DD932ED4F30C}.Debug|x86.ActiveCfg = Debug|Any CPU
		{2FAEEE6A-DBC4-442A-BD88-DD932ED4F30C}.Debug|x86.Build.0 = Debug|Any CPU
		{2FAEEE6A-DBC4-442A-BD88-DD932ED4F30C}.Release|Any CPU.ActiveCfg = Release|Any CPU
		{2FAEEE6A-DBC4-442A-BD88-DD932ED4F30C}.Release|Any CPU.Build.0 = Release|Any CPU
		{2FAEEE6A-DBC4-442A-BD88-DD932ED4F30C}.Release|x64.ActiveCfg = Release|Any CPU
		{2FAEEE6A-DBC4-442A-BD88-DD932ED4F30C}.Release|x64.Build.0 = Release|Any CPU
		{2FAEEE6A-DBC4-442A-BD88-DD932ED4F30C}.Release|x86.ActiveCfg = Release|Any CPU
		{2FAEEE6A-DBC4-442A-BD88-DD932ED4F30C}.Release|x86.Build.0 = Release|Any CPU
		{3409900A-4FF6-4A17-841D-BFA2C84039F0}.Debug|Any CPU.ActiveCfg = Debug|Any CPU
		{3409900A-4FF6-4A17-841D-BFA2C84039F0}.Debug|Any CPU.Build.0 = Debug|Any CPU
		{3409900A-4FF6-4A17-841D-BFA2C84039F0}.Debug|x64.ActiveCfg = Debug|Any CPU
		{3409900A-4FF6-4A17-841D-BFA2C84039F0}.Debug|x64.Build.0 = Debug|Any CPU
		{3409900A-4FF6-4A17-841D-BFA2C84039F0}.Debug|x86.ActiveCfg = Debug|Any CPU
		{3409900A-4FF6-4A17-841D-BFA2C84039F0}.Debug|x86.Build.0 = Debug|Any CPU
		{3409900A-4FF6-4A17-841D-BFA2C84039F0}.Release|Any CPU.ActiveCfg = Release|Any CPU
		{3409900A-4FF6-4A17-841D-BFA2C84039F0}.Release|Any CPU.Build.0 = Release|Any CPU
		{3409900A-4FF6-4A17-841D-BFA2C84039F0}.Release|x64.ActiveCfg = Release|Any CPU
		{3409900A-4FF6-4A17-841D-BFA2C84039F0}.Release|x64.Build.0 = Release|Any CPU
		{3409900A-4FF6-4A17-841D-BFA2C84039F0}.Release|x86.ActiveCfg = Release|Any CPU
		{3409900A-4FF6-4A17-841D-BFA2C84039F0}.Release|x86.Build.0 = Release|Any CPU
		{16642813-0BA7-4278-8A23-A573DF00270D}.Debug|Any CPU.ActiveCfg = Debug|Any CPU
		{16642813-0BA7-4278-8A23-A573DF00270D}.Debug|Any CPU.Build.0 = Debug|Any CPU
		{16642813-0BA7-4278-8A23-A573DF00270D}.Debug|x64.ActiveCfg = Debug|Any CPU
		{16642813-0BA7-4278-8A23-A573DF00270D}.Debug|x64.Build.0 = Debug|Any CPU
		{16642813-0BA7-4278-8A23-A573DF00270D}.Debug|x86.ActiveCfg = Debug|Any CPU
		{16642813-0BA7-4278-8A23-A573DF00270D}.Debug|x86.Build.0 = Debug|Any CPU
		{16642813-0BA7-4278-8A23-A573DF00270D}.Release|Any CPU.ActiveCfg = Release|Any CPU
		{16642813-0BA7-4278-8A23-A573DF00270D}.Release|Any CPU.Build.0 = Release|Any CPU
		{16642813-0BA7-4278-8A23-A573DF00270D}.Release|x64.ActiveCfg = Release|Any CPU
		{16642813-0BA7-4278-8A23-A573DF00270D}.Release|x64.Build.0 = Release|Any CPU
		{16642813-0BA7-4278-8A23-A573DF00270D}.Release|x86.ActiveCfg = Release|Any CPU
		{16642813-0BA7-4278-8A23-A573DF00270D}.Release|x86.Build.0 = Release|Any CPU
		{36920101-75E6-43B8-94FF-B9914813B6FF}.Debug|Any CPU.ActiveCfg = Debug|Any CPU
		{36920101-75E6-43B8-94FF-B9914813B6FF}.Debug|Any CPU.Build.0 = Debug|Any CPU
		{36920101-75E6-43B8-94FF-B9914813B6FF}.Debug|x64.ActiveCfg = Debug|Any CPU
		{36920101-75E6-43B8-94FF-B9914813B6FF}.Debug|x64.Build.0 = Debug|Any CPU
		{36920101-75E6-43B8-94FF-B9914813B6FF}.Debug|x86.ActiveCfg = Debug|Any CPU
		{36920101-75E6-43B8-94FF-B9914813B6FF}.Debug|x86.Build.0 = Debug|Any CPU
		{36920101-75E6-43B8-94FF-B9914813B6FF}.Release|Any CPU.ActiveCfg = Release|Any CPU
		{36920101-75E6-43B8-94FF-B9914813B6FF}.Release|Any CPU.Build.0 = Release|Any CPU
		{36920101-75E6-43B8-94FF-B9914813B6FF}.Release|x64.ActiveCfg = Release|Any CPU
		{36920101-75E6-43B8-94FF-B9914813B6FF}.Release|x64.Build.0 = Release|Any CPU
		{36920101-75E6-43B8-94FF-B9914813B6FF}.Release|x86.ActiveCfg = Release|Any CPU
		{36920101-75E6-43B8-94FF-B9914813B6FF}.Release|x86.Build.0 = Release|Any CPU
		{0ADC58A4-F5A6-4CD2-85C3-25C77A7E3DF3}.Debug|Any CPU.ActiveCfg = Debug|Any CPU
		{0ADC58A4-F5A6-4CD2-85C3-25C77A7E3DF3}.Debug|x64.ActiveCfg = Debug|Any CPU
		{0ADC58A4-F5A6-4CD2-85C3-25C77A7E3DF3}.Debug|x86.ActiveCfg = Debug|Any CPU
		{0ADC58A4-F5A6-4CD2-85C3-25C77A7E3DF3}.Release|Any CPU.ActiveCfg = Release|Any CPU
		{0ADC58A4-F5A6-4CD2-85C3-25C77A7E3DF3}.Release|x64.ActiveCfg = Release|Any CPU
		{0ADC58A4-F5A6-4CD2-85C3-25C77A7E3DF3}.Release|x86.ActiveCfg = Release|Any CPU
		{61832EEA-F62B-482E-A73F-78FDE0D1A5B0}.Debug|Any CPU.ActiveCfg = Debug|Any CPU
		{61832EEA-F62B-482E-A73F-78FDE0D1A5B0}.Debug|Any CPU.Build.0 = Debug|Any CPU
		{61832EEA-F62B-482E-A73F-78FDE0D1A5B0}.Debug|x64.ActiveCfg = Debug|Any CPU
		{61832EEA-F62B-482E-A73F-78FDE0D1A5B0}.Debug|x64.Build.0 = Debug|Any CPU
		{61832EEA-F62B-482E-A73F-78FDE0D1A5B0}.Debug|x86.ActiveCfg = Debug|Any CPU
		{61832EEA-F62B-482E-A73F-78FDE0D1A5B0}.Debug|x86.Build.0 = Debug|Any CPU
		{61832EEA-F62B-482E-A73F-78FDE0D1A5B0}.Release|Any CPU.ActiveCfg = Release|Any CPU
		{61832EEA-F62B-482E-A73F-78FDE0D1A5B0}.Release|Any CPU.Build.0 = Release|Any CPU
		{61832EEA-F62B-482E-A73F-78FDE0D1A5B0}.Release|x64.ActiveCfg = Release|Any CPU
		{61832EEA-F62B-482E-A73F-78FDE0D1A5B0}.Release|x64.Build.0 = Release|Any CPU
		{61832EEA-F62B-482E-A73F-78FDE0D1A5B0}.Release|x86.ActiveCfg = Release|Any CPU
		{61832EEA-F62B-482E-A73F-78FDE0D1A5B0}.Release|x86.Build.0 = Release|Any CPU
		{56DF909F-3405-4894-BA37-0042579AC16D}.Debug|Any CPU.ActiveCfg = Debug|Any CPU
		{56DF909F-3405-4894-BA37-0042579AC16D}.Debug|Any CPU.Build.0 = Debug|Any CPU
		{56DF909F-3405-4894-BA37-0042579AC16D}.Debug|x64.ActiveCfg = Debug|Any CPU
		{56DF909F-3405-4894-BA37-0042579AC16D}.Debug|x64.Build.0 = Debug|Any CPU
		{56DF909F-3405-4894-BA37-0042579AC16D}.Debug|x86.ActiveCfg = Debug|Any CPU
		{56DF909F-3405-4894-BA37-0042579AC16D}.Debug|x86.Build.0 = Debug|Any CPU
		{56DF909F-3405-4894-BA37-0042579AC16D}.Release|Any CPU.ActiveCfg = Release|Any CPU
		{56DF909F-3405-4894-BA37-0042579AC16D}.Release|Any CPU.Build.0 = Release|Any CPU
		{56DF909F-3405-4894-BA37-0042579AC16D}.Release|x64.ActiveCfg = Release|Any CPU
		{56DF909F-3405-4894-BA37-0042579AC16D}.Release|x64.Build.0 = Release|Any CPU
		{56DF909F-3405-4894-BA37-0042579AC16D}.Release|x86.ActiveCfg = Release|Any CPU
		{56DF909F-3405-4894-BA37-0042579AC16D}.Release|x86.Build.0 = Release|Any CPU
	EndGlobalSection
	GlobalSection(SolutionProperties) = preSolution
		HideSolutionNode = FALSE
	EndGlobalSection
	GlobalSection(NestedProjects) = preSolution
		{97A9FD62-A43B-4C3A-B573-F662E5ABBC93} = {827E0CD3-B72D-47B6-A68D-7590B98EB39B}
		{2FAEEE6A-DBC4-442A-BD88-DD932ED4F30C} = {827E0CD3-B72D-47B6-A68D-7590B98EB39B}
		{3409900A-4FF6-4A17-841D-BFA2C84039F0} = {827E0CD3-B72D-47B6-A68D-7590B98EB39B}
		{16642813-0BA7-4278-8A23-A573DF00270D} = {827E0CD3-B72D-47B6-A68D-7590B98EB39B}
		{36920101-75E6-43B8-94FF-B9914813B6FF} = {827E0CD3-B72D-47B6-A68D-7590B98EB39B}
		{61832EEA-F62B-482E-A73F-78FDE0D1A5B0} = {0AB3BF05-4346-4AA6-1389-037BE0695223}
		{56DF909F-3405-4894-BA37-0042579AC16D} = {827E0CD3-B72D-47B6-A68D-7590B98EB39B}
	EndGlobalSection
	GlobalSection(ExtensibilityGlobals) = postSolution
		SolutionGuid = {10E420AC-46D5-4CA2-8636-32824E3DA75A}
	EndGlobalSection
EndGlobal
